{
  "name": "uspectrum",
  "version": "1.0.0",
  "lockfileVersion": 1,
  "requires": true,
  "dependencies": {
    "uspectrum-wave": {
      "version": "1.0.0",
      "resolved": "https://registry.npmjs.org/uspectrum-wave/-/uspectrum-wave-1.0.0.tgz",
      "integrity": "sha512-/SP5cmXHSGlvOwWCzXpcTu8IsO11h+vj9phtbwYWS5iUzyc95U6LzqDIp+YE3LIPnAI08iez0vxpBypG/b6/uw=="
    }
  }
}
